
Microsoft Visual Studio Solution File, Format Version 12.00
# Visual Studio Version 17
VisualStudioVersion = 17.9.34728.123
MinimumVisualStudioVersion = 10.0.40219.1
Project("{9A19103F-16F7-4668-BE54-9A1E7A4F7556}") = "Serialization.Binary", "Serialization.Binary\Serialization.Binary.csproj", "{764514A1-44E6-4E30-8069-FD422213538D}"
EndProject
Project("{9A19103F-16F7-4668-BE54-9A1E7A4F7556}") = "Serialization.XML", "Serialization.XML\Serialization.XML.csproj", "{032FA47C-A6C0-4E45-9AF4-03B84F8E1C24}"
EndProject
Project("{9A19103F-16F7-4668-BE54-9A1E7A4F7556}") = "Serialization.Json", "Serialization.Json\Serialization.Json.csproj", "{A39F9AB5-0A00-4EBE-B8B0-0043AF160232}"
EndProject
Project("{9A19103F-16F7-4668-BE54-9A1E7A4F7556}") = "Serialization.Library", "Serialization.Library\Serialization.Library.csproj", "{12611193-CDAF-43A4-966B-DE5C2059AFAF}"
EndProject
Project("{FAE04EC0-301F-11D3-BF4B-00C04F79EFBC}") = "Serialization.CustomBinary", "Serialization.CustomBinary\Serialization.CustomBinary.csproj", "{06855BF6-7FD9-4CDD-84E5-6EF8B637CBB9}"
EndProject
Global
	GlobalSection(SolutionConfigurationPlatforms) = preSolution
		Debug|Any CPU = Debug|Any CPU
		Release|Any CPU = Release|Any CPU
	EndGlobalSection
	GlobalSection(ProjectConfigurationPlatforms) = postSolution
		{764514A1-44E6-4E30-8069-FD422213538D}.Debug|Any CPU.ActiveCfg = Debug|Any CPU
		{764514A1-44E6-4E30-8069-FD422213538D}.Debug|Any CPU.Build.0 = Debug|Any CPU
		{764514A1-44E6-4E30-8069-FD422213538D}.Release|Any CPU.ActiveCfg = Release|Any CPU
		{764514A1-44E6-4E30-8069-FD422213538D}.Release|Any CPU.Build.0 = Release|Any CPU
		{032FA47C-A6C0-4E45-9AF4-03B84F8E1C24}.Debug|Any CPU.ActiveCfg = Debug|Any CPU
		{032FA47C-A6C0-4E45-9AF4-03B84F8E1C24}.Debug|Any CPU.Build.0 = Debug|Any CPU
		{032FA47C-A6C0-4E45-9AF4-03B84F8E1C24}.Release|Any CPU.ActiveCfg = Release|Any CPU
		{032FA47C-A6C0-4E45-9AF4-03B84F8E1C24}.Release|Any CPU.Build.0 = Release|Any CPU
		{A39F9AB5-0A00-4EBE-B8B0-0043AF160232}.Debug|Any CPU.ActiveCfg = Debug|Any CPU
		{A39F9AB5-0A00-4EBE-B8B0-0043AF160232}.Debug|Any CPU.Build.0 = Debug|Any CPU
		{A39F9AB5-0A00-4EBE-B8B0-0043AF160232}.Release|Any CPU.ActiveCfg = Release|Any CPU
		{A39F9AB5-0A00-4EBE-B8B0-0043AF160232}.Release|Any CPU.Build.0 = Release|Any CPU
		{12611193-CDAF-43A4-966B-DE5C2059AFAF}.Debug|Any CPU.ActiveCfg = Debug|Any CPU
		{12611193-CDAF-43A4-966B-DE5C2059AFAF}.Debug|Any CPU.Build.0 = Debug|Any CPU
		{12611193-CDAF-43A4-966B-DE5C2059AFAF}.Release|Any CPU.ActiveCfg = Release|Any CPU
		{12611193-CDAF-43A4-966B-DE5C2059AFAF}.Release|Any CPU.Build.0 = Release|Any CPU
		{06855BF6-7FD9-4CDD-84E5-6EF8B637CBB9}.Debug|Any CPU.ActiveCfg = Debug|Any CPU
		{06855BF6-7FD9-4CDD-84E5-6EF8B637CBB9}.Debug|Any CPU.Build.0 = Debug|Any CPU
		{06855BF6-7FD9-4CDD-84E5-6EF8B637CBB9}.Release|Any CPU.ActiveCfg = Release|Any CPU
		{06855BF6-7FD9-4CDD-84E5-6EF8B637CBB9}.Release|Any CPU.Build.0 = Release|Any CPU
	EndGlobalSection
	GlobalSection(SolutionProperties) = preSolution
		HideSolutionNode = FALSE
	EndGlobalSection
	GlobalSection(ExtensibilityGlobals) = postSolution
		SolutionGuid = {D62CC557-60E9-4918-85A3-A67C010EA353}
	EndGlobalSection
EndGlobal
