
Microsoft Visual Studio Solution File, Format Version 12.00
# Visual Studio Version 17
VisualStudioVersion = 17.9.34728.123
MinimumVisualStudioVersion = 10.0.40219.1
Project("{9A19103F-16F7-4668-BE54-9A1E7A4F7556}") = "ProductMarket.Libary", "ProductMarket.Libary\ProductMarket.Libary.csproj", "{54154855-03D3-4580-A092-0C6210ABFCB9}"
EndProject
Project("{9A19103F-16F7-4668-BE54-9A1E7A4F7556}") = "ProductMarket.Console", "ProductMarket.Console\ProductMarket.Console.csproj", "{6309148D-AF44-44C5-8EB9-65EBD5714432}"
EndProject
Project("{FAE04EC0-301F-11D3-BF4B-00C04F79EFBC}") = "ProductMarket.DapperLib", "ProductMarket.DapperLib\ProductMarket.DapperLib.csproj", "{AB8E3710-1AA2-43DF-BEFB-5631423DB67E}"
EndProject
Global
	GlobalSection(SolutionConfigurationPlatforms) = preSolution
		Debug|Any CPU = Debug|Any CPU
		Release|Any CPU = Release|Any CPU
	EndGlobalSection
	GlobalSection(ProjectConfigurationPlatforms) = postSolution
		{54154855-03D3-4580-A092-0C6210ABFCB9}.Debug|Any CPU.ActiveCfg = Debug|Any CPU
		{54154855-03D3-4580-A092-0C6210ABFCB9}.Debug|Any CPU.Build.0 = Debug|Any CPU
		{54154855-03D3-4580-A092-0C6210ABFCB9}.Release|Any CPU.ActiveCfg = Release|Any CPU
		{54154855-03D3-4580-A092-0C6210ABFCB9}.Release|Any CPU.Build.0 = Release|Any CPU
		{6309148D-AF44-44C5-8EB9-65EBD5714432}.Debug|Any CPU.ActiveCfg = Debug|Any CPU
		{6309148D-AF44-44C5-8EB9-65EBD5714432}.Debug|Any CPU.Build.0 = Debug|Any CPU
		{6309148D-AF44-44C5-8EB9-65EBD5714432}.Release|Any CPU.ActiveCfg = Release|Any CPU
		{6309148D-AF44-44C5-8EB9-65EBD5714432}.Release|Any CPU.Build.0 = Release|Any CPU
		{AB8E3710-1AA2-43DF-BEFB-5631423DB67E}.Debug|Any CPU.ActiveCfg = Debug|Any CPU
		{AB8E3710-1AA2-43DF-BEFB-5631423DB67E}.Debug|Any CPU.Build.0 = Debug|Any CPU
		{AB8E3710-1AA2-43DF-BEFB-5631423DB67E}.Release|Any CPU.ActiveCfg = Release|Any CPU
		{AB8E3710-1AA2-43DF-BEFB-5631423DB67E}.Release|Any CPU.Build.0 = Release|Any CPU
	EndGlobalSection
	GlobalSection(SolutionProperties) = preSolution
		HideSolutionNode = FALSE
	EndGlobalSection
	GlobalSection(ExtensibilityGlobals) = postSolution
		SolutionGuid = {72CA7D7A-6656-45AE-95EB-9FF9340ECBB6}
	EndGlobalSection
EndGlobal
